<?xml version="1.0" encoding="UTF-8"?>
<Project ToolsVersion="14.0" xmlns="http://schemas.microsoft.com/developer/msbuild/2003">
  <ItemGroup>
    <ClCompile Include="C:\Work\u2project_deps\ogredeps\src\FreeImage\Source\DeprecationManager\Deprecated.cpp">
      <Filter>Source Files</Filter>
    </ClCompile>
    <ClCompile Include="C:\Work\u2project_deps\ogredeps\src\FreeImage\Source\DeprecationManager\DeprecationMgr.cpp">
      <Filter>Source Files</Filter>
    </ClCompile>
    <ClCompile Include="C:\Work\u2project_deps\ogredeps\src\FreeImage\Source\FreeImage\BitmapAccess.cpp">
      <Filter>Source Files</Filter>
    </ClCompile>
    <ClCompile Include="C:\Work\u2project_deps\ogredeps\src\FreeImage\Source\FreeImage\CacheFile.cpp">
      <Filter>Source Files</Filter>
    </ClCompile>
    <ClCompile Include="C:\Work\u2project_deps\ogredeps\src\FreeImage\Source\FreeImage\ColorLookup.cpp">
      <Filter>Source Files</Filter>
    </ClCompile>
    <ClCompile Include="C:\Work\u2project_deps\ogredeps\src\FreeImage\Source\FreeImage\Conversion.cpp">
      <Filter>Source Files</Filter>
    </ClCompile>
    <ClCompile Include="C:\Work\u2project_deps\ogredeps\src\FreeImage\Source\FreeImage\Conversion16_555.cpp">
      <Filter>Source Files</Filter>
    </ClCompile>
    <ClCompile Include="C:\Work\u2project_deps\ogredeps\src\FreeImage\Source\FreeImage\Conversion16_565.cpp">
      <Filter>Source Files</Filter>
    </ClCompile>
    <ClCompile Include="C:\Work\u2project_deps\ogredeps\src\FreeImage\Source\FreeImage\Conversion24.cpp">
      <Filter>Source Files</Filter>
    </ClCompile>
    <ClCompile Include="C:\Work\u2project_deps\ogredeps\src\FreeImage\Source\FreeImage\Conversion32.cpp">
      <Filter>Source Files</Filter>
    </ClCompile>
    <ClCompile Include="C:\Work\u2project_deps\ogredeps\src\FreeImage\Source\FreeImage\ConversionFloat.cpp">
      <Filter>Source Files</Filter>
    </ClCompile>
    <ClCompile Include="C:\Work\u2project_deps\ogredeps\src\FreeImage\Source\FreeImage\ConversionRGB16.cpp">
      <Filter>Source Files</Filter>
    </ClCompile>
    <ClCompile Include="C:\Work\u2project_deps\ogredeps\src\FreeImage\Source\FreeImage\Conversion4.cpp">
      <Filter>Source Files</Filter>
    </ClCompile>
    <ClCompile Include="C:\Work\u2project_deps\ogredeps\src\FreeImage\Source\FreeImage\Conversion8.cpp">
      <Filter>Source Files</Filter>
    </ClCompile>
    <ClCompile Include="C:\Work\u2project_deps\ogredeps\src\FreeImage\Source\FreeImage\ConversionRGBF.cpp">
      <Filter>Source Files</Filter>
    </ClCompile>
    <ClCompile Include="C:\Work\u2project_deps\ogredeps\src\FreeImage\Source\FreeImage\ConversionType.cpp">
      <Filter>Source Files</Filter>
    </ClCompile>
    <ClCompile Include="C:\Work\u2project_deps\ogredeps\src\FreeImage\Source\FreeImage\ConversionUINT16.cpp">
      <Filter>Source Files</Filter>
    </ClCompile>
    <ClCompile Include="C:\Work\u2project_deps\ogredeps\src\FreeImage\Source\FreeImage\FreeImage.cpp">
      <Filter>Source Files</Filter>
    </ClCompile>
    <ClCompile Include="C:\Work\u2project_deps\ogredeps\src\FreeImage\Source\FreeImage\FreeImageIO.cpp">
      <Filter>Source Files</Filter>
    </ClCompile>
    <ClCompile Include="C:\Work\u2project_deps\ogredeps\src\FreeImage\Source\FreeImage\GetType.cpp">
      <Filter>Source Files</Filter>
    </ClCompile>
    <ClCompile Include="C:\Work\u2project_deps\ogredeps\src\FreeImage\Source\FreeImage\Halftoning.cpp">
      <Filter>Source Files</Filter>
    </ClCompile>
    <ClCompile Include="C:\Work\u2project_deps\ogredeps\src\FreeImage\Source\FreeImage\J2KHelper.cpp">
      <Filter>Source Files</Filter>
    </ClCompile>
    <ClCompile Include="C:\Work\u2project_deps\ogredeps\src\FreeImage\Source\FreeImage\MemoryIO.cpp">
      <Filter>Source Files</Filter>
    </ClCompile>
    <ClCompile Include="C:\Work\u2project_deps\ogredeps\src\FreeImage\Source\FreeImage\MultiPage.cpp">
      <Filter>Source Files</Filter>
    </ClCompile>
    <ClCompile Include="C:\Work\u2project_deps\ogredeps\src\FreeImage\Source\FreeImage\NNQuantizer.cpp">
      <Filter>Source Files</Filter>
    </ClCompile>
    <ClCompile Include="C:\Work\u2project_deps\ogredeps\src\FreeImage\Source\FreeImage\PixelAccess.cpp">
      <Filter>Source Files</Filter>
    </ClCompile>
    <ClCompile Include="C:\Work\u2project_deps\ogredeps\src\FreeImage\Source\FreeImage\Plugin.cpp">
      <Filter>Source Files</Filter>
    </ClCompile>
    <ClCompile Include="C:\Work\u2project_deps\ogredeps\src\FreeImage\Source\FreeImage\PluginBMP.cpp">
      <Filter>Source Files</Filter>
    </ClCompile>
    <ClCompile Include="C:\Work\u2project_deps\ogredeps\src\FreeImage\Source\FreeImage\PluginJPEG.cpp">
      <Filter>Source Files</Filter>
    </ClCompile>
    <ClCompile Include="C:\Work\u2project_deps\ogredeps\src\FreeImage\Source\FreeImage\PluginPNG.cpp">
      <Filter>Source Files</Filter>
    </ClCompile>
    <ClCompile Include="C:\Work\u2project_deps\ogredeps\src\FreeImage\Source\FreeImage\PluginTARGA.cpp">
      <Filter>Source Files</Filter>
    </ClCompile>
    <ClCompile Include="C:\Work\u2project_deps\ogredeps\src\FreeImage\Source\FreeImage\ToneMapping.cpp">
      <Filter>Source Files</Filter>
    </ClCompile>
    <ClCompile Include="C:\Work\u2project_deps\ogredeps\src\FreeImage\Source\FreeImage\WuQuantizer.cpp">
      <Filter>Source Files</Filter>
    </ClCompile>
    <ClCompile Include="C:\Work\u2project_deps\ogredeps\src\FreeImage\Source\FreeImage\ZLibInterface.cpp">
      <Filter>Source Files</Filter>
    </ClCompile>
    <ClCompile Include="C:\Work\u2project_deps\ogredeps\src\FreeImage\Source\FreeImage\tmoColorConvert.cpp">
      <Filter>Source Files</Filter>
    </ClCompile>
    <ClCompile Include="C:\Work\u2project_deps\ogredeps\src\FreeImage\Source\FreeImage\tmoDrago03.cpp">
      <Filter>Source Files</Filter>
    </ClCompile>
    <ClCompile Include="C:\Work\u2project_deps\ogredeps\src\FreeImage\Source\FreeImage\tmoFattal02.cpp">
      <Filter>Source Files</Filter>
    </ClCompile>
    <ClCompile Include="C:\Work\u2project_deps\ogredeps\src\FreeImage\Source\FreeImage\tmoReinhard05.cpp">
      <Filter>Source Files</Filter>
    </ClCompile>
    <ClCompile Include="C:\Work\u2project_deps\ogredeps\src\FreeImage\Source\FreeImageToolkit\BSplineRotate.cpp">
      <Filter>Source Files</Filter>
    </ClCompile>
    <ClCompile Include="C:\Work\u2project_deps\ogredeps\src\FreeImage\Source\FreeImageToolkit\Background.cpp">
      <Filter>Source Files</Filter>
    </ClCompile>
    <ClCompile Include="C:\Work\u2project_deps\ogredeps\src\FreeImage\Source\FreeImageToolkit\Channels.cpp">
      <Filter>Source Files</Filter>
    </ClCompile>
    <ClCompile Include="C:\Work\u2project_deps\ogredeps\src\FreeImage\Source\FreeImageToolkit\ClassicRotate.cpp">
      <Filter>Source Files</Filter>
    </ClCompile>
    <ClCompile Include="C:\Work\u2project_deps\ogredeps\src\FreeImage\Source\FreeImageToolkit\Colors.cpp">
      <Filter>Source Files</Filter>
    </ClCompile>
    <ClCompile Include="C:\Work\u2project_deps\ogredeps\src\FreeImage\Source\FreeImageToolkit\CopyPaste.cpp">
      <Filter>Source Files</Filter>
    </ClCompile>
    <ClCompile Include="C:\Work\u2project_deps\ogredeps\src\FreeImage\Source\FreeImageToolkit\Display.cpp">
      <Filter>Source Files</Filter>
    </ClCompile>
    <ClCompile Include="C:\Work\u2project_deps\ogredeps\src\FreeImage\Source\FreeImageToolkit\Flip.cpp">
      <Filter>Source Files</Filter>
    </ClCompile>
    <ClCompile Include="C:\Work\u2project_deps\ogredeps\src\FreeImage\Source\FreeImageToolkit\JPEGTransform.cpp">
      <Filter>Source Files</Filter>
    </ClCompile>
    <ClCompile Include="C:\Work\u2project_deps\ogredeps\src\FreeImage\Source\FreeImageToolkit\MultigridPoissonSolver.cpp">
      <Filter>Source Files</Filter>
    </ClCompile>
    <ClCompile Include="C:\Work\u2project_deps\ogredeps\src\FreeImage\Source\FreeImageToolkit\Rescale.cpp">
      <Filter>Source Files</Filter>
    </ClCompile>
    <ClCompile Include="C:\Work\u2project_deps\ogredeps\src\FreeImage\Source\FreeImageToolkit\Resize.cpp">
      <Filter>Source Files</Filter>
    </ClCompile>
    <ClCompile Include="C:\Work\u2project_deps\ogredeps\src\FreeImage\Source\LibJPEG\jaricom.c">
      <Filter>Source Files</Filter>
    </ClCompile>
    <ClCompile Include="C:\Work\u2project_deps\ogredeps\src\FreeImage\Source\LibJPEG\jcapimin.c">
      <Filter>Source Files</Filter>
    </ClCompile>
    <ClCompile Include="C:\Work\u2project_deps\ogredeps\src\FreeImage\Source\LibJPEG\jcapistd.c">
      <Filter>Source Files</Filter>
    </ClCompile>
    <ClCompile Include="C:\Work\u2project_deps\ogredeps\src\FreeImage\Source\LibJPEG\jcarith.c">
      <Filter>Source Files</Filter>
    </ClCompile>
    <ClCompile Include="C:\Work\u2project_deps\ogredeps\src\FreeImage\Source\LibJPEG\jccoefct.c">
      <Filter>Source Files</Filter>
    </ClCompile>
    <ClCompile Include="C:\Work\u2project_deps\ogredeps\src\FreeImage\Source\LibJPEG\jccolor.c">
      <Filter>Source Files</Filter>
    </ClCompile>
    <ClCompile Include="C:\Work\u2project_deps\ogredeps\src\FreeImage\Source\LibJPEG\jcdctmgr.c">
      <Filter>Source Files</Filter>
    </ClCompile>
    <ClCompile Include="C:\Work\u2project_deps\ogredeps\src\FreeImage\Source\LibJPEG\jchuff.c">
      <Filter>Source Files</Filter>
    </ClCompile>
    <ClCompile Include="C:\Work\u2project_deps\ogredeps\src\FreeImage\Source\LibJPEG\jcinit.c">
      <Filter>Source Files</Filter>
    </ClCompile>
    <ClCompile Include="C:\Work\u2project_deps\ogredeps\src\FreeImage\Source\LibJPEG\jcmainct.c">
      <Filter>Source Files</Filter>
    </ClCompile>
    <ClCompile Include="C:\Work\u2project_deps\ogredeps\src\FreeImage\Source\LibJPEG\jcmarker.c">
      <Filter>Source Files</Filter>
    </ClCompile>
    <ClCompile Include="C:\Work\u2project_deps\ogredeps\src\FreeImage\Source\LibJPEG\jcmaster.c">
      <Filter>Source Files</Filter>
    </ClCompile>
    <ClCompile Include="C:\Work\u2project_deps\ogredeps\src\FreeImage\Source\LibJPEG\jcomapi.c">
      <Filter>Source Files</Filter>
    </ClCompile>
    <ClCompile Include="C:\Work\u2project_deps\ogredeps\src\FreeImage\Source\LibJPEG\jcparam.c">
      <Filter>Source Files</Filter>
    </ClCompile>
    <ClCompile Include="C:\Work\u2project_deps\ogredeps\src\FreeImage\Source\LibJPEG\jcprepct.c">
      <Filter>Source Files</Filter>
    </ClCompile>
    <ClCompile Include="C:\Work\u2project_deps\ogredeps\src\FreeImage\Source\LibJPEG\jcsample.c">
      <Filter>Source Files</Filter>
    </ClCompile>
    <ClCompile Include="C:\Work\u2project_deps\ogredeps\src\FreeImage\Source\LibJPEG\jctrans.c">
      <Filter>Source Files</Filter>
    </ClCompile>
    <ClCompile Include="C:\Work\u2project_deps\ogredeps\src\FreeImage\Source\LibJPEG\jdapimin.c">
      <Filter>Source Files</Filter>
    </ClCompile>
    <ClCompile Include="C:\Work\u2project_deps\ogredeps\src\FreeImage\Source\LibJPEG\jdapistd.c">
      <Filter>Source Files</Filter>
    </ClCompile>
    <ClCompile Include="C:\Work\u2project_deps\ogredeps\src\FreeImage\Source\LibJPEG\jdarith.c">
      <Filter>Source Files</Filter>
    </ClCompile>
    <ClCompile Include="C:\Work\u2project_deps\ogredeps\src\FreeImage\Source\LibJPEG\jdatadst.c">
      <Filter>Source Files</Filter>
    </ClCompile>
    <ClCompile Include="C:\Work\u2project_deps\ogredeps\src\FreeImage\Source\LibJPEG\jdatasrc.c">
      <Filter>Source Files</Filter>
    </ClCompile>
    <ClCompile Include="C:\Work\u2project_deps\ogredeps\src\FreeImage\Source\LibJPEG\jdcoefct.c">
      <Filter>Source Files</Filter>
    </ClCompile>
    <ClCompile Include="C:\Work\u2project_deps\ogredeps\src\FreeImage\Source\LibJPEG\jdcolor.c">
      <Filter>Source Files</Filter>
    </ClCompile>
    <ClCompile Include="C:\Work\u2project_deps\ogredeps\src\FreeImage\Source\LibJPEG\jddctmgr.c">
      <Filter>Source Files</Filter>
    </ClCompile>
    <ClCompile Include="C:\Work\u2project_deps\ogredeps\src\FreeImage\Source\LibJPEG\jdhuff.c">
      <Filter>Source Files</Filter>
    </ClCompile>
    <ClCompile Include="C:\Work\u2project_deps\ogredeps\src\FreeImage\Source\LibJPEG\jdinput.c">
      <Filter>Source Files</Filter>
    </ClCompile>
    <ClCompile Include="C:\Work\u2project_deps\ogredeps\src\FreeImage\Source\LibJPEG\jdmainct.c">
      <Filter>Source Files</Filter>
    </ClCompile>
    <ClCompile Include="C:\Work\u2project_deps\ogredeps\src\FreeImage\Source\LibJPEG\jdmarker.c">
      <Filter>Source Files</Filter>
    </ClCompile>
    <ClCompile Include="C:\Work\u2project_deps\ogredeps\src\FreeImage\Source\LibJPEG\jdmaster.c">
      <Filter>Source Files</Filter>
    </ClCompile>
    <ClCompile Include="C:\Work\u2project_deps\ogredeps\src\FreeImage\Source\LibJPEG\jdmerge.c">
      <Filter>Source Files</Filter>
    </ClCompile>
    <ClCompile Include="C:\Work\u2project_deps\ogredeps\src\FreeImage\Source\LibJPEG\jdpostct.c">
      <Filter>Source Files</Filter>
    </ClCompile>
    <ClCompile Include="C:\Work\u2project_deps\ogredeps\src\FreeImage\Source\LibJPEG\jdsample.c">
      <Filter>Source Files</Filter>
    </ClCompile>
    <ClCompile Include="C:\Work\u2project_deps\ogredeps\src\FreeImage\Source\LibJPEG\jdtrans.c">
      <Filter>Source Files</Filter>
    </ClCompile>
    <ClCompile Include="C:\Work\u2project_deps\ogredeps\src\FreeImage\Source\LibJPEG\jerror.c">
      <Filter>Source Files</Filter>
    </ClCompile>
    <ClCompile Include="C:\Work\u2project_deps\ogredeps\src\FreeImage\Source\LibJPEG\jfdctflt.c">
      <Filter>Source Files</Filter>
    </ClCompile>
    <ClCompile Include="C:\Work\u2project_deps\ogredeps\src\FreeImage\Source\LibJPEG\jfdctfst.c">
      <Filter>Source Files</Filter>
    </ClCompile>
    <ClCompile Include="C:\Work\u2project_deps\ogredeps\src\FreeImage\Source\LibJPEG\jfdctint.c">
      <Filter>Source Files</Filter>
    </ClCompile>
    <ClCompile Include="C:\Work\u2project_deps\ogredeps\src\FreeImage\Source\LibJPEG\jidctflt.c">
      <Filter>Source Files</Filter>
    </ClCompile>
    <ClCompile Include="C:\Work\u2project_deps\ogredeps\src\FreeImage\Source\LibJPEG\jidctfst.c">
      <Filter>Source Files</Filter>
    </ClCompile>
    <ClCompile Include="C:\Work\u2project_deps\ogredeps\src\FreeImage\Source\LibJPEG\jidctint.c">
      <Filter>Source Files</Filter>
    </ClCompile>
    <ClCompile Include="C:\Work\u2project_deps\ogredeps\src\FreeImage\Source\LibJPEG\jmemmgr.c">
      <Filter>Source Files</Filter>
    </ClCompile>
    <ClCompile Include="C:\Work\u2project_deps\ogredeps\src\FreeImage\Source\LibJPEG\jmemnobs.c">
      <Filter>Source Files</Filter>
    </ClCompile>
    <ClCompile Include="C:\Work\u2project_deps\ogredeps\src\FreeImage\Source\LibJPEG\jquant1.c">
      <Filter>Source Files</Filter>
    </ClCompile>
    <ClCompile Include="C:\Work\u2project_deps\ogredeps\src\FreeImage\Source\LibJPEG\jquant2.c">
      <Filter>Source Files</Filter>
    </ClCompile>
    <ClCompile Include="C:\Work\u2project_deps\ogredeps\src\FreeImage\Source\LibJPEG\jutils.c">
      <Filter>Source Files</Filter>
    </ClCompile>
    <ClCompile Include="C:\Work\u2project_deps\ogredeps\src\FreeImage\Source\LibJPEG\transupp.c">
      <Filter>Source Files</Filter>
    </ClCompile>
    <ClCompile Include="C:\Work\u2project_deps\ogredeps\src\FreeImage\Source\LibOpenJPEG\bio.c">
      <Filter>Source Files</Filter>
    </ClCompile>
    <ClCompile Include="C:\Work\u2project_deps\ogredeps\src\FreeImage\Source\LibOpenJPEG\cidx_manager.c">
      <Filter>Source Files</Filter>
    </ClCompile>
    <ClCompile Include="C:\Work\u2project_deps\ogredeps\src\FreeImage\Source\LibOpenJPEG\cio.c">
      <Filter>Source Files</Filter>
    </ClCompile>
    <ClCompile Include="C:\Work\u2project_deps\ogredeps\src\FreeImage\Source\LibOpenJPEG\dwt.c">
      <Filter>Source Files</Filter>
    </ClCompile>
    <ClCompile Include="C:\Work\u2project_deps\ogredeps\src\FreeImage\Source\LibOpenJPEG\event.c">
      <Filter>Source Files</Filter>
    </ClCompile>
    <ClCompile Include="C:\Work\u2project_deps\ogredeps\src\FreeImage\Source\LibOpenJPEG\image.c">
      <Filter>Source Files</Filter>
    </ClCompile>
    <ClCompile Include="C:\Work\u2project_deps\ogredeps\src\FreeImage\Source\LibOpenJPEG\j2k.c">
      <Filter>Source Files</Filter>
    </ClCompile>
    <ClCompile Include="C:\Work\u2project_deps\ogredeps\src\FreeImage\Source\LibOpenJPEG\j2k_lib.c">
      <Filter>Source Files</Filter>
    </ClCompile>
    <ClCompile Include="C:\Work\u2project_deps\ogredeps\src\FreeImage\Source\LibOpenJPEG\jp2.c">
      <Filter>Source Files</Filter>
    </ClCompile>
    <ClCompile Include="C:\Work\u2project_deps\ogredeps\src\FreeImage\Source\LibOpenJPEG\jpt.c">
      <Filter>Source Files</Filter>
    </ClCompile>
    <ClCompile Include="C:\Work\u2project_deps\ogredeps\src\FreeImage\Source\LibOpenJPEG\mct.c">
      <Filter>Source Files</Filter>
    </ClCompile>
    <ClCompile Include="C:\Work\u2project_deps\ogredeps\src\FreeImage\Source\LibOpenJPEG\mqc.c">
      <Filter>Source Files</Filter>
    </ClCompile>
    <ClCompile Include="C:\Work\u2project_deps\ogredeps\src\FreeImage\Source\LibOpenJPEG\openjpeg.c">
      <Filter>Source Files</Filter>
    </ClCompile>
    <ClCompile Include="C:\Work\u2project_deps\ogredeps\src\FreeImage\Source\LibOpenJPEG\phix_manager.c">
      <Filter>Source Files</Filter>
    </ClCompile>
    <ClCompile Include="C:\Work\u2project_deps\ogredeps\src\FreeImage\Source\LibOpenJPEG\pi.c">
      <Filter>Source Files</Filter>
    </ClCompile>
    <ClCompile Include="C:\Work\u2project_deps\ogredeps\src\FreeImage\Source\LibOpenJPEG\ppix_manager.c">
      <Filter>Source Files</Filter>
    </ClCompile>
    <ClCompile Include="C:\Work\u2project_deps\ogredeps\src\FreeImage\Source\LibOpenJPEG\raw.c">
      <Filter>Source Files</Filter>
    </ClCompile>
    <ClCompile Include="C:\Work\u2project_deps\ogredeps\src\FreeImage\Source\LibOpenJPEG\t1.c">
      <Filter>Source Files</Filter>
    </ClCompile>
    <ClCompile Include="C:\Work\u2project_deps\ogredeps\src\FreeImage\Source\LibOpenJPEG\t2.c">
      <Filter>Source Files</Filter>
    </ClCompile>
    <ClCompile Include="C:\Work\u2project_deps\ogredeps\src\FreeImage\Source\LibOpenJPEG\tcd.c">
      <Filter>Source Files</Filter>
    </ClCompile>
    <ClCompile Include="C:\Work\u2project_deps\ogredeps\src\FreeImage\Source\LibOpenJPEG\tgt.c">
      <Filter>Source Files</Filter>
    </ClCompile>
    <ClCompile Include="C:\Work\u2project_deps\ogredeps\src\FreeImage\Source\LibOpenJPEG\thix_manager.c">
      <Filter>Source Files</Filter>
    </ClCompile>
    <ClCompile Include="C:\Work\u2project_deps\ogredeps\src\FreeImage\Source\LibOpenJPEG\tpix_manager.c">
      <Filter>Source Files</Filter>
    </ClCompile>
    <ClCompile Include="C:\Work\u2project_deps\ogredeps\src\FreeImage\Source\LibPNG\png.c">
      <Filter>Source Files</Filter>
    </ClCompile>
    <ClCompile Include="C:\Work\u2project_deps\ogredeps\src\FreeImage\Source\LibPNG\pngerror.c">
      <Filter>Source Files</Filter>
    </ClCompile>
    <ClCompile Include="C:\Work\u2project_deps\ogredeps\src\FreeImage\Source\LibPNG\pnggccrd.c">
      <Filter>Source Files</Filter>
    </ClCompile>
    <ClCompile Include="C:\Work\u2project_deps\ogredeps\src\FreeImage\Source\LibPNG\pngget.c">
      <Filter>Source Files</Filter>
    </ClCompile>
    <ClCompile Include="C:\Work\u2project_deps\ogredeps\src\FreeImage\Source\LibPNG\pngmem.c">
      <Filter>Source Files</Filter>
    </ClCompile>
    <ClCompile Include="C:\Work\u2project_deps\ogredeps\src\FreeImage\Source\LibPNG\pngpread.c">
      <Filter>Source Files</Filter>
    </ClCompile>
    <ClCompile Include="C:\Work\u2project_deps\ogredeps\src\FreeImage\Source\LibPNG\pngread.c">
      <Filter>Source Files</Filter>
    </ClCompile>
    <ClCompile Include="C:\Work\u2project_deps\ogredeps\src\FreeImage\Source\LibPNG\pngrio.c">
      <Filter>Source Files</Filter>
    </ClCompile>
    <ClCompile Include="C:\Work\u2project_deps\ogredeps\src\FreeImage\Source\LibPNG\pngrtran.c">
      <Filter>Source Files</Filter>
    </ClCompile>
    <ClCompile Include="C:\Work\u2project_deps\ogredeps\src\FreeImage\Source\LibPNG\pngrutil.c">
      <Filter>Source Files</Filter>
    </ClCompile>
    <ClCompile Include="C:\Work\u2project_deps\ogredeps\src\FreeImage\Source\LibPNG\pngset.c">
      <Filter>Source Files</Filter>
    </ClCompile>
    <ClCompile Include="C:\Work\u2project_deps\ogredeps\src\FreeImage\Source\LibPNG\pngtrans.c">
      <Filter>Source Files</Filter>
    </ClCompile>
    <ClCompile Include="C:\Work\u2project_deps\ogredeps\src\FreeImage\Source\LibPNG\pngvcrd.c">
      <Filter>Source Files</Filter>
    </ClCompile>
    <ClCompile Include="C:\Work\u2project_deps\ogredeps\src\FreeImage\Source\LibPNG\pngwio.c">
      <Filter>Source Files</Filter>
    </ClCompile>
    <ClCompile Include="C:\Work\u2project_deps\ogredeps\src\FreeImage\Source\LibPNG\pngwrite.c">
      <Filter>Source Files</Filter>
    </ClCompile>
    <ClCompile Include="C:\Work\u2project_deps\ogredeps\src\FreeImage\Source\LibPNG\pngwtran.c">
      <Filter>Source Files</Filter>
    </ClCompile>
    <ClCompile Include="C:\Work\u2project_deps\ogredeps\src\FreeImage\Source\LibPNG\pngwutil.c">
      <Filter>Source Files</Filter>
    </ClCompile>
    <ClCompile Include="C:\Work\u2project_deps\ogredeps\src\FreeImage\Source\Metadata\Exif.cpp">
      <Filter>Source Files</Filter>
    </ClCompile>
    <ClCompile Include="C:\Work\u2project_deps\ogredeps\src\FreeImage\Source\Metadata\FIRational.cpp">
      <Filter>Source Files</Filter>
    </ClCompile>
    <ClCompile Include="C:\Work\u2project_deps\ogredeps\src\FreeImage\Source\Metadata\FreeImageTag.cpp">
      <Filter>Source Files</Filter>
    </ClCompile>
    <ClCompile Include="C:\Work\u2project_deps\ogredeps\src\FreeImage\Source\Metadata\IPTC.cpp">
      <Filter>Source Files</Filter>
    </ClCompile>
    <ClCompile Include="C:\Work\u2project_deps\ogredeps\src\FreeImage\Source\Metadata\TagConversion.cpp">
      <Filter>Source Files</Filter>
    </ClCompile>
    <ClCompile Include="C:\Work\u2project_deps\ogredeps\src\FreeImage\Source\Metadata\TagLib.cpp">
      <Filter>Source Files</Filter>
    </ClCompile>
    <ClCompile Include="C:\Work\u2project_deps\ogredeps\src\FreeImage\Source\ZLib\adler32.c">
      <Filter>Source Files</Filter>
    </ClCompile>
    <ClCompile Include="C:\Work\u2project_deps\ogredeps\src\FreeImage\Source\ZLib\compress.c">
      <Filter>Source Files</Filter>
    </ClCompile>
    <ClCompile Include="C:\Work\u2project_deps\ogredeps\src\FreeImage\Source\ZLib\crc32.c">
      <Filter>Source Files</Filter>
    </ClCompile>
    <ClCompile Include="C:\Work\u2project_deps\ogredeps\src\FreeImage\Source\ZLib\deflate.c">
      <Filter>Source Files</Filter>
    </ClCompile>
    <ClCompile Include="C:\Work\u2project_deps\ogredeps\src\FreeImage\Source\ZLib\gzclose.c">
      <Filter>Source Files</Filter>
    </ClCompile>
    <ClCompile Include="C:\Work\u2project_deps\ogredeps\src\FreeImage\Source\ZLib\gzlib.c">
      <Filter>Source Files</Filter>
    </ClCompile>
    <ClCompile Include="C:\Work\u2project_deps\ogredeps\src\FreeImage\Source\ZLib\gzread.c">
      <Filter>Source Files</Filter>
    </ClCompile>
    <ClCompile Include="C:\Work\u2project_deps\ogredeps\src\FreeImage\Source\ZLib\gzwrite.c">
      <Filter>Source Files</Filter>
    </ClCompile>
    <ClCompile Include="C:\Work\u2project_deps\ogredeps\src\FreeImage\Source\ZLib\infback.c">
      <Filter>Source Files</Filter>
    </ClCompile>
    <ClCompile Include="C:\Work\u2project_deps\ogredeps\src\FreeImage\Source\ZLib\inffast.c">
      <Filter>Source Files</Filter>
    </ClCompile>
    <ClCompile Include="C:\Work\u2project_deps\ogredeps\src\FreeImage\Source\ZLib\inflate.c">
      <Filter>Source Files</Filter>
    </ClCompile>
    <ClCompile Include="C:\Work\u2project_deps\ogredeps\src\FreeImage\Source\ZLib\inftrees.c">
      <Filter>Source Files</Filter>
    </ClCompile>
    <ClCompile Include="C:\Work\u2project_deps\ogredeps\src\FreeImage\Source\ZLib\trees.c">
      <Filter>Source Files</Filter>
    </ClCompile>
    <ClCompile Include="C:\Work\u2project_deps\ogredeps\src\FreeImage\Source\ZLib\uncompr.c">
      <Filter>Source Files</Filter>
    </ClCompile>
    <ClCompile Include="C:\Work\u2project_deps\ogredeps\src\FreeImage\Source\ZLib\zutil.c">
      <Filter>Source Files</Filter>
    </ClCompile>
  </ItemGroup>
  <ItemGroup>
    <ClInclude Include="C:\Work\u2project_deps\ogredeps\src\FreeImage\Source\CacheFile.h">
      <Filter>Header Files</Filter>
    </ClInclude>
    <ClInclude Include="C:\Work\u2project_deps\ogredeps\src\FreeImage\Source\DeprecationManager\DeprecationMgr.h">
      <Filter>Header Files</Filter>
    </ClInclude>
    <ClInclude Include="C:\Work\u2project_deps\ogredeps\src\FreeImage\Source\FreeImage.h">
      <Filter>Header Files</Filter>
    </ClInclude>
    <ClInclude Include="C:\Work\u2project_deps\ogredeps\src\FreeImage\Source\FreeImageIO.h">
      <Filter>Header Files</Filter>
    </ClInclude>
    <ClInclude Include="C:\Work\u2project_deps\ogredeps\src\FreeImage\Source\FreeImageToolkit\Filters.h">
      <Filter>Header Files</Filter>
    </ClInclude>
    <ClInclude Include="C:\Work\u2project_deps\ogredeps\src\FreeImage\Source\FreeImageToolkit\Resize.h">
      <Filter>Header Files</Filter>
    </ClInclude>
    <ClInclude Include="C:\Work\u2project_deps\ogredeps\src\FreeImage\Source\LibJPEG\jconfig.h">
      <Filter>Header Files</Filter>
    </ClInclude>
    <ClInclude Include="C:\Work\u2project_deps\ogredeps\src\FreeImage\Source\LibJPEG\jdct.h">
      <Filter>Header Files</Filter>
    </ClInclude>
    <ClInclude Include="C:\Work\u2project_deps\ogredeps\src\FreeImage\Source\LibJPEG\jerror.h">
      <Filter>Header Files</Filter>
    </ClInclude>
    <ClInclude Include="C:\Work\u2project_deps\ogredeps\src\FreeImage\Source\LibJPEG\jinclude.h">
      <Filter>Header Files</Filter>
    </ClInclude>
    <ClInclude Include="C:\Work\u2project_deps\ogredeps\src\FreeImage\Source\LibJPEG\jmemsys.h">
      <Filter>Header Files</Filter>
    </ClInclude>
    <ClInclude Include="C:\Work\u2project_deps\ogredeps\src\FreeImage\Source\LibJPEG\jmorecfg.h">
      <Filter>Header Files</Filter>
    </ClInclude>
    <ClInclude Include="C:\Work\u2project_deps\ogredeps\src\FreeImage\Source\LibJPEG\jpegint.h">
      <Filter>Header Files</Filter>
    </ClInclude>
    <ClInclude Include="C:\Work\u2project_deps\ogredeps\src\FreeImage\Source\LibJPEG\jpeglib.h">
      <Filter>Header Files</Filter>
    </ClInclude>
    <ClInclude Include="C:\Work\u2project_deps\ogredeps\src\FreeImage\Source\LibJPEG\jversion.h">
      <Filter>Header Files</Filter>
    </ClInclude>
    <ClInclude Include="C:\Work\u2project_deps\ogredeps\src\FreeImage\Source\LibJPEG\transupp.h">
      <Filter>Header Files</Filter>
    </ClInclude>
    <ClInclude Include="C:\Work\u2project_deps\ogredeps\src\FreeImage\Source\LibOpenJPEG\bio.h">
      <Filter>Header Files</Filter>
    </ClInclude>
    <ClInclude Include="C:\Work\u2project_deps\ogredeps\src\FreeImage\Source\LibOpenJPEG\cidx_manager.h">
      <Filter>Header Files</Filter>
    </ClInclude>
    <ClInclude Include="C:\Work\u2project_deps\ogredeps\src\FreeImage\Source\LibOpenJPEG\cio.h">
      <Filter>Header Files</Filter>
    </ClInclude>
    <ClInclude Include="C:\Work\u2project_deps\ogredeps\src\FreeImage\Source\LibOpenJPEG\dwt.h">
      <Filter>Header Files</Filter>
    </ClInclude>
    <ClInclude Include="C:\Work\u2project_deps\ogredeps\src\FreeImage\Source\LibOpenJPEG\event.h">
      <Filter>Header Files</Filter>
    </ClInclude>
    <ClInclude Include="C:\Work\u2project_deps\ogredeps\src\FreeImage\Source\LibOpenJPEG\fix.h">
      <Filter>Header Files</Filter>
    </ClInclude>
    <ClInclude Include="C:\Work\u2project_deps\ogredeps\src\FreeImage\Source\LibOpenJPEG\image.h">
      <Filter>Header Files</Filter>
    </ClInclude>
    <ClInclude Include="C:\Work\u2project_deps\ogredeps\src\FreeImage\Source\LibOpenJPEG\indexbox_manager.h">
      <Filter>Header Files</Filter>
    </ClInclude>
    <ClInclude Include="C:\Work\u2project_deps\ogredeps\src\FreeImage\Source\LibOpenJPEG\int.h">
      <Filter>Header Files</Filter>
    </ClInclude>
    <ClInclude Include="C:\Work\u2project_deps\ogredeps\src\FreeImage\Source\LibOpenJPEG\j2k.h">
      <Filter>Header Files</Filter>
    </ClInclude>
    <ClInclude Include="C:\Work\u2project_deps\ogredeps\src\FreeImage\Source\LibOpenJPEG\j2k_lib.h">
      <Filter>Header Files</Filter>
    </ClInclude>
    <ClInclude Include="C:\Work\u2project_deps\ogredeps\src\FreeImage\Source\LibOpenJPEG\jp2.h">
      <Filter>Header Files</Filter>
    </ClInclude>
    <ClInclude Include="C:\Work\u2project_deps\ogredeps\src\FreeImage\Source\LibOpenJPEG\jpt.h">
      <Filter>Header Files</Filter>
    </ClInclude>
    <ClInclude Include="C:\Work\u2project_deps\ogredeps\src\FreeImage\Source\LibOpenJPEG\mct.h">
      <Filter>Header Files</Filter>
    </ClInclude>
    <ClInclude Include="C:\Work\u2project_deps\ogredeps\src\FreeImage\Source\LibOpenJPEG\mqc.h">
      <Filter>Header Files</Filter>
    </ClInclude>
    <ClInclude Include="C:\Work\u2project_deps\ogredeps\src\FreeImage\Source\LibOpenJPEG\openjpeg.h">
      <Filter>Header Files</Filter>
    </ClInclude>
    <ClInclude Include="C:\Work\u2project_deps\ogredeps\src\FreeImage\Source\LibOpenJPEG\opj_config.h">
      <Filter>Header Files</Filter>
    </ClInclude>
    <ClInclude Include="C:\Work\u2project_deps\ogredeps\src\FreeImage\Source\LibOpenJPEG\opj_includes.h">
      <Filter>Header Files</Filter>
    </ClInclude>
    <ClInclude Include="C:\Work\u2project_deps\ogredeps\src\FreeImage\Source\LibOpenJPEG\opj_malloc.h">
      <Filter>Header Files</Filter>
    </ClInclude>
    <ClInclude Include="C:\Work\u2project_deps\ogredeps\src\FreeImage\Source\LibOpenJPEG\pi.h">
      <Filter>Header Files</Filter>
    </ClInclude>
    <ClInclude Include="C:\Work\u2project_deps\ogredeps\src\FreeImage\Source\LibOpenJPEG\raw.h">
      <Filter>Header Files</Filter>
    </ClInclude>
    <ClInclude Include="C:\Work\u2project_deps\ogredeps\src\FreeImage\Source\LibOpenJPEG\t1.h">
      <Filter>Header Files</Filter>
    </ClInclude>
    <ClInclude Include="C:\Work\u2project_deps\ogredeps\src\FreeImage\Source\LibOpenJPEG\t1_luts.h">
      <Filter>Header Files</Filter>
    </ClInclude>
    <ClInclude Include="C:\Work\u2project_deps\ogredeps\src\FreeImage\Source\LibOpenJPEG\t2.h">
      <Filter>Header Files</Filter>
    </ClInclude>
    <ClInclude Include="C:\Work\u2project_deps\ogredeps\src\FreeImage\Source\LibOpenJPEG\tcd.h">
      <Filter>Header Files</Filter>
    </ClInclude>
    <ClInclude Include="C:\Work\u2project_deps\ogredeps\src\FreeImage\Source\LibOpenJPEG\tgt.h">
      <Filter>Header Files</Filter>
    </ClInclude>
    <ClInclude Include="C:\Work\u2project_deps\ogredeps\src\FreeImage\Source\LibPNG\png.h">
      <Filter>Header Files</Filter>
    </ClInclude>
    <ClInclude Include="C:\Work\u2project_deps\ogredeps\src\FreeImage\Source\LibPNG\pngconf.h">
      <Filter>Header Files</Filter>
    </ClInclude>
    <ClInclude Include="C:\Work\u2project_deps\ogredeps\src\FreeImage\Source\LibPNG\pngdebug.h">
      <Filter>Header Files</Filter>
    </ClInclude>
    <ClInclude Include="C:\Work\u2project_deps\ogredeps\src\FreeImage\Source\LibPNG\pnginfo.h">
      <Filter>Header Files</Filter>
    </ClInclude>
    <ClInclude Include="C:\Work\u2project_deps\ogredeps\src\FreeImage\Source\LibPNG\pnglibconf.h">
      <Filter>Header Files</Filter>
    </ClInclude>
    <ClInclude Include="C:\Work\u2project_deps\ogredeps\src\FreeImage\Source\LibPNG\pngpriv.h">
      <Filter>Header Files</Filter>
    </ClInclude>
    <ClInclude Include="C:\Work\u2project_deps\ogredeps\src\FreeImage\Source\LibPNG\pngstruct.h">
      <Filter>Header Files</Filter>
    </ClInclude>
    <ClInclude Include="C:\Work\u2project_deps\ogredeps\src\FreeImage\Source\Metadata\FIRational.h">
      <Filter>Header Files</Filter>
    </ClInclude>
    <ClInclude Include="C:\Work\u2project_deps\ogredeps\src\FreeImage\Source\Metadata\FreeImageTag.h">
      <Filter>Header Files</Filter>
    </ClInclude>
    <ClInclude Include="C:\Work\u2project_deps\ogredeps\src\FreeImage\Source\Plugin.h">
      <Filter>Header Files</Filter>
    </ClInclude>
    <ClInclude Include="C:\Work\u2project_deps\ogredeps\src\FreeImage\Source\Quantizers.h">
      <Filter>Header Files</Filter>
    </ClInclude>
    <ClInclude Include="C:\Work\u2project_deps\ogredeps\src\FreeImage\Source\ToneMapping.h">
      <Filter>Header Files</Filter>
    </ClInclude>
    <ClInclude Include="C:\Work\u2project_deps\ogredeps\src\FreeImage\Source\Utilities.h">
      <Filter>Header Files</Filter>
    </ClInclude>
    <ClInclude Include="C:\Work\u2project_deps\ogredeps\src\FreeImage\Source\ZLib\crc32.h">
      <Filter>Header Files</Filter>
    </ClInclude>
    <ClInclude Include="C:\Work\u2project_deps\ogredeps\src\FreeImage\Source\ZLib\deflate.h">
      <Filter>Header Files</Filter>
    </ClInclude>
    <ClInclude Include="C:\Work\u2project_deps\ogredeps\src\FreeImage\Source\ZLib\gzguts.h">
      <Filter>Header Files</Filter>
    </ClInclude>
    <ClInclude Include="C:\Work\u2project_deps\ogredeps\src\FreeImage\Source\ZLib\inffast.h">
      <Filter>Header Files</Filter>
    </ClInclude>
    <ClInclude Include="C:\Work\u2project_deps\ogredeps\src\FreeImage\Source\ZLib\inffixed.h">
      <Filter>Header Files</Filter>
    </ClInclude>
    <ClInclude Include="C:\Work\u2project_deps\ogredeps\src\FreeImage\Source\ZLib\inflate.h">
      <Filter>Header Files</Filter>
    </ClInclude>
    <ClInclude Include="C:\Work\u2project_deps\ogredeps\src\FreeImage\Source\ZLib\inftrees.h">
      <Filter>Header Files</Filter>
    </ClInclude>
    <ClInclude Include="C:\Work\u2project_deps\ogredeps\src\FreeImage\Source\ZLib\trees.h">
      <Filter>Header Files</Filter>
    </ClInclude>
    <ClInclude Include="C:\Work\u2project_deps\ogredeps\src\FreeImage\Source\ZLib\zconf.h">
      <Filter>Header Files</Filter>
    </ClInclude>
    <ClInclude Include="C:\Work\u2project_deps\ogredeps\src\FreeImage\Source\ZLib\zlib.h">
      <Filter>Header Files</Filter>
    </ClInclude>
    <ClInclude Include="C:\Work\u2project_deps\ogredeps\src\FreeImage\Source\ZLib\zutil.h">
      <Filter>Header Files</Filter>
    </ClInclude>
  </ItemGroup>
  <ItemGroup>
    <CustomBuild Include="C:\Work\u2project_deps\ogredeps\src\FreeImage\CMakeLists.txt" />
  </ItemGroup>
  <ItemGroup>
    <Filter Include="Source Files">
      <UniqueIdentifier>{799DB18E-1ED3-308B-8D03-F4725A25C728}</UniqueIdentifier>
    </Filter>
    <Filter Include="Header Files">
      <UniqueIdentifier>{0281008E-DD1D-3A15-BA9F-35F2DE1F5FEB}</UniqueIdentifier>
    </Filter>
  </ItemGroup>
</Project>
